
Microsoft Visual Studio Solution File, Format Version 12.00
# Visual Studio Version 17
VisualStudioVersion = 17.2.32630.192
MinimumVisualStudioVersion = 10.0.40219.1
Project("{FAE04EC0-301F-11D3-BF4B-00C04F79EFBC}") = "Wpf_diplom", "WpfApp1\Wpf_diplom.csproj", "{457F0232-BB31-4DED-B74B-E4A38D79A3F5}"
EndProject
Project("{9A19103F-16F7-4668-BE54-9A1E7A4F7556}") = "diplom", "diplom\diplom.csproj", "{67C2A21D-098E-4DF1-8C79-701CCCF223BE}"
EndProject
Global
	GlobalSection(SolutionConfigurationPlatforms) = preSolution
		Debug|Any CPU = Debug|Any CPU
		Release|Any CPU = Release|Any CPU
	EndGlobalSection
	GlobalSection(ProjectConfigurationPlatforms) = postSolution
		{457F0232-BB31-4DED-B74B-E4A38D79A3F5}.Debug|Any CPU.ActiveCfg = Debug|Any CPU
		{457F0232-BB31-4DED-B74B-E4A38D79A3F5}.Debug|Any CPU.Build.0 = Debug|Any CPU
		{457F0232-BB31-4DED-B74B-E4A38D79A3F5}.Release|Any CPU.ActiveCfg = Release|Any CPU
		{457F0232-BB31-4DED-B74B-E4A38D79A3F5}.Release|Any CPU.Build.0 = Release|Any CPU
		{67C2A21D-098E-4DF1-8C79-701CCCF223BE}.Debug|Any CPU.ActiveCfg = Debug|Any CPU
		{67C2A21D-098E-4DF1-8C79-701CCCF223BE}.Debug|Any CPU.Build.0 = Debug|Any CPU
		{67C2A21D-098E-4DF1-8C79-701CCCF223BE}.Release|Any CPU.ActiveCfg = Release|Any CPU
		{67C2A21D-098E-4DF1-8C79-701CCCF223BE}.Release|Any CPU.Build.0 = Release|Any CPU
	EndGlobalSection
	GlobalSection(SolutionProperties) = preSolution
		HideSolutionNode = FALSE
	EndGlobalSection
	GlobalSection(ExtensibilityGlobals) = postSolution
		SolutionGuid = {1E1A3F05-236A-4998-86AF-FE2371357EA0}
	EndGlobalSection
EndGlobal
